
Microsoft Visual Studio Solution File, Format Version 12.00
# Visual Studio 15
VisualStudioVersion = 15.0.27130.2027
MinimumVisualStudioVersion = 10.0.40219.1
Project("{8BC9CEB8-8B4A-11D0-8D11-00A0C91BC942}") = "Letters and Words in String", "Letters and Words in String\Letters and Words in String.vcxproj", "{FC26B84F-EB18-4183-A89C-6D02A4927EB7}"
EndProject
Global
	GlobalSection(SolutionConfigurationPlatforms) = preSolution
		Debug|x64 = Debug|x64
		Debug|x86 = Debug|x86
		Release|x64 = Release|x64
		Release|x86 = Release|x86
	EndGlobalSection
	GlobalSection(ProjectConfigurationPlatforms) = postSolution
		{FC26B84F-EB18-4183-A89C-6D02A4927EB7}.Debug|x64.ActiveCfg = Debug|x64
		{FC26B84F-EB18-4183-A89C-6D02A4927EB7}.Debug|x64.Build.0 = Debug|x64
		{FC26B84F-EB18-4183-A89C-6D02A4927EB7}.Debug|x86.ActiveCfg = Debug|Win32
		{FC26B84F-EB18-4183-A89C-6D02A4927EB7}.Debug|x86.Build.0 = Debug|Win32
		{FC26B84F-EB18-4183-A89C-6D02A4927EB7}.Release|x64.ActiveCfg = Release|x64
		{FC26B84F-EB18-4183-A89C-6D02A4927EB7}.Release|x64.Build.0 = Release|x64
		{FC26B84F-EB18-4183-A89C-6D02A4927EB7}.Release|x86.ActiveCfg = Release|Win32
		{FC26B84F-EB18-4183-A89C-6D02A4927EB7}.Release|x86.Build.0 = Release|Win32
	EndGlobalSection
	GlobalSection(SolutionProperties) = preSolution
		HideSolutionNode = FALSE
	EndGlobalSection
	GlobalSection(ExtensibilityGlobals) = postSolution
		SolutionGuid = {F5200E98-AB1A-4349-9C11-E0FCA151E100}
	EndGlobalSection
EndGlobal
