
Microsoft Visual Studio Solution File, Format Version 12.00
# Visual Studio 15
VisualStudioVersion = 15.0.27130.2027
MinimumVisualStudioVersion = 10.0.40219.1
Project("{8BC9CEB8-8B4A-11D0-8D11-00A0C91BC942}") = "Logarithm Calculator", "Logarithm Calculator\Logarithm Calculator.vcxproj", "{17D91DF2-3697-43FE-A858-60F77880804E}"
EndProject
Global
	GlobalSection(SolutionConfigurationPlatforms) = preSolution
		Debug|x64 = Debug|x64
		Debug|x86 = Debug|x86
		Release|x64 = Release|x64
		Release|x86 = Release|x86
	EndGlobalSection
	GlobalSection(ProjectConfigurationPlatforms) = postSolution
		{17D91DF2-3697-43FE-A858-60F77880804E}.Debug|x64.ActiveCfg = Debug|x64
		{17D91DF2-3697-43FE-A858-60F77880804E}.Debug|x64.Build.0 = Debug|x64
		{17D91DF2-3697-43FE-A858-60F77880804E}.Debug|x86.ActiveCfg = Debug|Win32
		{17D91DF2-3697-43FE-A858-60F77880804E}.Debug|x86.Build.0 = Debug|Win32
		{17D91DF2-3697-43FE-A858-60F77880804E}.Release|x64.ActiveCfg = Release|x64
		{17D91DF2-3697-43FE-A858-60F77880804E}.Release|x64.Build.0 = Release|x64
		{17D91DF2-3697-43FE-A858-60F77880804E}.Release|x86.ActiveCfg = Release|Win32
		{17D91DF2-3697-43FE-A858-60F77880804E}.Release|x86.Build.0 = Release|Win32
	EndGlobalSection
	GlobalSection(SolutionProperties) = preSolution
		HideSolutionNode = FALSE
	EndGlobalSection
	GlobalSection(ExtensibilityGlobals) = postSolution
		SolutionGuid = {087F8619-A30D-48AB-8BB9-3A396E169657}
	EndGlobalSection
EndGlobal
