
Microsoft Visual Studio Solution File, Format Version 12.00
# Visual Studio 15
VisualStudioVersion = 15.0.27130.2027
MinimumVisualStudioVersion = 10.0.40219.1
Project("{8BC9CEB8-8B4A-11D0-8D11-00A0C91BC942}") = "Module 3 Lab", "Module 3 Lab\Module 3 Lab.vcxproj", "{C952F660-622A-468D-A513-99612A6ABF8C}"
EndProject
Global
	GlobalSection(SolutionConfigurationPlatforms) = preSolution
		Debug|x64 = Debug|x64
		Debug|x86 = Debug|x86
		Release|x64 = Release|x64
		Release|x86 = Release|x86
	EndGlobalSection
	GlobalSection(ProjectConfigurationPlatforms) = postSolution
		{C952F660-622A-468D-A513-99612A6ABF8C}.Debug|x64.ActiveCfg = Debug|x64
		{C952F660-622A-468D-A513-99612A6ABF8C}.Debug|x64.Build.0 = Debug|x64
		{C952F660-622A-468D-A513-99612A6ABF8C}.Debug|x86.ActiveCfg = Debug|Win32
		{C952F660-622A-468D-A513-99612A6ABF8C}.Debug|x86.Build.0 = Debug|Win32
		{C952F660-622A-468D-A513-99612A6ABF8C}.Release|x64.ActiveCfg = Release|x64
		{C952F660-622A-468D-A513-99612A6ABF8C}.Release|x64.Build.0 = Release|x64
		{C952F660-622A-468D-A513-99612A6ABF8C}.Release|x86.ActiveCfg = Release|Win32
		{C952F660-622A-468D-A513-99612A6ABF8C}.Release|x86.Build.0 = Release|Win32
	EndGlobalSection
	GlobalSection(SolutionProperties) = preSolution
		HideSolutionNode = FALSE
	EndGlobalSection
	GlobalSection(ExtensibilityGlobals) = postSolution
		SolutionGuid = {5A58D97C-B2A9-4C96-AFA2-918448250031}
	EndGlobalSection
EndGlobal
