
Microsoft Visual Studio Solution File, Format Version 12.00
# Visual Studio 15
VisualStudioVersion = 15.0.27130.2027
MinimumVisualStudioVersion = 10.0.40219.1
Project("{8BC9CEB8-8B4A-11D0-8D11-00A0C91BC942}") = "Data Sructures GPA 4", "Data Sructures GPA 4\Data Sructures GPA 4.vcxproj", "{2CF03BFC-6596-4793-B2C9-FD312DD93A78}"
EndProject
Global
	GlobalSection(SolutionConfigurationPlatforms) = preSolution
		Debug|x64 = Debug|x64
		Debug|x86 = Debug|x86
		Release|x64 = Release|x64
		Release|x86 = Release|x86
	EndGlobalSection
	GlobalSection(ProjectConfigurationPlatforms) = postSolution
		{2CF03BFC-6596-4793-B2C9-FD312DD93A78}.Debug|x64.ActiveCfg = Debug|x64
		{2CF03BFC-6596-4793-B2C9-FD312DD93A78}.Debug|x64.Build.0 = Debug|x64
		{2CF03BFC-6596-4793-B2C9-FD312DD93A78}.Debug|x86.ActiveCfg = Debug|Win32
		{2CF03BFC-6596-4793-B2C9-FD312DD93A78}.Debug|x86.Build.0 = Debug|Win32
		{2CF03BFC-6596-4793-B2C9-FD312DD93A78}.Release|x64.ActiveCfg = Release|x64
		{2CF03BFC-6596-4793-B2C9-FD312DD93A78}.Release|x64.Build.0 = Release|x64
		{2CF03BFC-6596-4793-B2C9-FD312DD93A78}.Release|x86.ActiveCfg = Release|Win32
		{2CF03BFC-6596-4793-B2C9-FD312DD93A78}.Release|x86.Build.0 = Release|Win32
	EndGlobalSection
	GlobalSection(SolutionProperties) = preSolution
		HideSolutionNode = FALSE
	EndGlobalSection
	GlobalSection(ExtensibilityGlobals) = postSolution
		SolutionGuid = {01017344-F4A8-4959-87E7-6E134B3CADDB}
	EndGlobalSection
EndGlobal
